
Microsoft Visual Studio Solution File, Format Version 12.00
# Visual Studio 15
VisualStudioVersion = 15.0.28307.572
MinimumVisualStudioVersion = 10.0.40219.1
Project("{FAE04EC0-301F-11D3-BF4B-00C04F79EFBC}") = "Hopfield associative memory", "Hopfield associative memory\Hopfield associative memory.csproj", "{946F59EB-CADE-4C8A-9346-200685F86CF5}"
EndProject
Global
	GlobalSection(SolutionConfigurationPlatforms) = preSolution
		Debug|Any CPU = Debug|Any CPU
		Release|Any CPU = Release|Any CPU
	EndGlobalSection
	GlobalSection(ProjectConfigurationPlatforms) = postSolution
		{946F59EB-CADE-4C8A-9346-200685F86CF5}.Debug|Any CPU.ActiveCfg = Debug|Any CPU
		{946F59EB-CADE-4C8A-9346-200685F86CF5}.Debug|Any CPU.Build.0 = Debug|Any CPU
		{946F59EB-CADE-4C8A-9346-200685F86CF5}.Release|Any CPU.ActiveCfg = Release|Any CPU
		{946F59EB-CADE-4C8A-9346-200685F86CF5}.Release|Any CPU.Build.0 = Release|Any CPU
	EndGlobalSection
	GlobalSection(SolutionProperties) = preSolution
		HideSolutionNode = FALSE
	EndGlobalSection
	GlobalSection(ExtensibilityGlobals) = postSolution
		SolutionGuid = {FE6BDFBF-5CF0-46C8-8357-0C6D0E1C8008}
	EndGlobalSection
EndGlobal
